
Microsoft Visual Studio Solution File, Format Version 12.00
# Visual Studio Version 16
VisualStudioVersion = 16.0.808.1
MinimumVisualStudioVersion = 10.0.40219.1
Project("{FAE04EC0-301F-11D3-BF4B-00C04F79EFBC}") = "PaymentGateway", "PaymentGateway\PaymentGateway.csproj", "{5FF0992E-BA27-4DF8-952D-9E335D42497C}"
EndProject
Project("{FAE04EC0-301F-11D3-BF4B-00C04F79EFBC}") = "PaymentGatewayTest", "PaymentGatewayTest\PaymentGatewayTest.csproj", "{49AAAA46-8275-4F6C-BFC2-027A46092DFA}"
EndProject
Global
	GlobalSection(SolutionConfigurationPlatforms) = preSolution
		Debug|Any CPU = Debug|Any CPU
		Release|Any CPU = Release|Any CPU
	EndGlobalSection
	GlobalSection(ProjectConfigurationPlatforms) = postSolution
		{5FF0992E-BA27-4DF8-952D-9E335D42497C}.Debug|Any CPU.ActiveCfg = Debug|Any CPU
		{5FF0992E-BA27-4DF8-952D-9E335D42497C}.Debug|Any CPU.Build.0 = Debug|Any CPU
		{5FF0992E-BA27-4DF8-952D-9E335D42497C}.Release|Any CPU.ActiveCfg = Release|Any CPU
		{5FF0992E-BA27-4DF8-952D-9E335D42497C}.Release|Any CPU.Build.0 = Release|Any CPU
		{49AAAA46-8275-4F6C-BFC2-027A46092DFA}.Debug|Any CPU.ActiveCfg = Debug|Any CPU
		{49AAAA46-8275-4F6C-BFC2-027A46092DFA}.Debug|Any CPU.Build.0 = Debug|Any CPU
		{49AAAA46-8275-4F6C-BFC2-027A46092DFA}.Release|Any CPU.ActiveCfg = Release|Any CPU
		{49AAAA46-8275-4F6C-BFC2-027A46092DFA}.Release|Any CPU.Build.0 = Release|Any CPU
	EndGlobalSection
	GlobalSection(SolutionProperties) = preSolution
		HideSolutionNode = FALSE
	EndGlobalSection
	GlobalSection(ExtensibilityGlobals) = postSolution
		SolutionGuid = {065142EA-27A2-4ADB-B5A1-A8B481522068}
	EndGlobalSection
EndGlobal
